
Microsoft Visual Studio Solution File, Format Version 12.00
# Visual Studio Version 17
VisualStudioVersion = 17.5.33414.496
MinimumVisualStudioVersion = 10.0.40219.1
Project("{9A19103F-16F7-4668-BE54-9A1E7A4F7556}") = "AssetManagementSystemUI", "..\AssetManagementSystemUI\AssetManagementSystemUI.csproj", "{C7FD65AF-7F82-4F07-A8B2-0FD5ABFF8C03}"
EndProject
Global
	GlobalSection(SolutionConfigurationPlatforms) = preSolution
		Debug|Any CPU = Debug|Any CPU
		Release|Any CPU = Release|Any CPU
	EndGlobalSection
	GlobalSection(ProjectConfigurationPlatforms) = postSolution
		{C7FD65AF-7F82-4F07-A8B2-0FD5ABFF8C03}.Debug|Any CPU.ActiveCfg = Debug|Any CPU
		{C7FD65AF-7F82-4F07-A8B2-0FD5ABFF8C03}.Debug|Any CPU.Build.0 = Debug|Any CPU
		{C7FD65AF-7F82-4F07-A8B2-0FD5ABFF8C03}.Release|Any CPU.ActiveCfg = Release|Any CPU
		{C7FD65AF-7F82-4F07-A8B2-0FD5ABFF8C03}.Release|Any CPU.Build.0 = Release|Any CPU
	EndGlobalSection
	GlobalSection(SolutionProperties) = preSolution
		HideSolutionNode = FALSE
	EndGlobalSection
	GlobalSection(ExtensibilityGlobals) = postSolution
		SolutionGuid = {D308F7DD-2C7D-414D-BF4B-7CE1819BFE0F}
	EndGlobalSection
EndGlobal
